
Microsoft Visual Studio Solution File, Format Version 12.00
# Visual Studio Version 17
VisualStudioVersion = 17.4.33213.308
MinimumVisualStudioVersion = 10.0.40219.1
Project("{FAE04EC0-301F-11D3-BF4B-00C04F79EFBC}") = "Stupid Temperature Converter", "Stupid Temperature Converter\Stupid Temperature Converter.csproj", "{CD2976D1-59BB-4DA9-A7EE-68F53BAC44CA}"
EndProject
Global
	GlobalSection(SolutionConfigurationPlatforms) = preSolution
		Debug|Any CPU = Debug|Any CPU
		Release|Any CPU = Release|Any CPU
	EndGlobalSection
	GlobalSection(ProjectConfigurationPlatforms) = postSolution
		{CD2976D1-59BB-4DA9-A7EE-68F53BAC44CA}.Debug|Any CPU.ActiveCfg = Debug|Any CPU
		{CD2976D1-59BB-4DA9-A7EE-68F53BAC44CA}.Debug|Any CPU.Build.0 = Debug|Any CPU
		{CD2976D1-59BB-4DA9-A7EE-68F53BAC44CA}.Release|Any CPU.ActiveCfg = Release|Any CPU
		{CD2976D1-59BB-4DA9-A7EE-68F53BAC44CA}.Release|Any CPU.Build.0 = Release|Any CPU
	EndGlobalSection
	GlobalSection(SolutionProperties) = preSolution
		HideSolutionNode = FALSE
	EndGlobalSection
	GlobalSection(ExtensibilityGlobals) = postSolution
		SolutionGuid = {A42F33EE-D67D-4EF5-ACE9-9416978248E7}
	EndGlobalSection
EndGlobal
